// !$*UTF8*$!
{
	archiveVersion = 1;
	classes = {
	};
	objectVersion = 46;
	objects = {

/* Begin PBXBuildFile section */
		12CC4EDDC1D876AE0185D35B /* Pods_Ivocal_trainer.framework in Frameworks */ = {isa = PBXBuildFile; fileRef = C9B5E52EB67730A3CA5BEEB7 /* Pods_Ivocal_trainer.framework */; };
		640854131F32236700703BF9 /* RecordView.m in Sources */ = {isa = PBXBuildFile; fileRef = 640854121F32236700703BF9 /* RecordView.m */; };
		6428E4C71F49E2A900DDF4F3 /* PitchMeterView.m in Sources */ = {isa = PBXBuildFile; fileRef = 6428E4C61F49E2A900DDF4F3 /* PitchMeterView.m */; };
		644DE55A1F41F67E00AB3C3E /* FriendListView.m in Sources */ = {isa = PBXBuildFile; fileRef = 644DE5591F41F67E00AB3C3E /* FriendListView.m */; };
		645AABAE1F1BA4E000FEA7CD /* SongView.m in Sources */ = {isa = PBXBuildFile; fileRef = 645AABAD1F1BA4E000FEA7CD /* SongView.m */; };
		645AABB01F1BA5B200FEA7CD /* AVFoundation.framework in Frameworks */ = {isa = PBXBuildFile; fileRef = 645AABAF1F1BA5B200FEA7CD /* AVFoundation.framework */; };
		64760D141F3A0E84004629C2 /* UIColor+HexString.m in Sources */ = {isa = PBXBuildFile; fileRef = 64760D131F3A0E84004629C2 /* UIColor+HexString.m */; };
		64915EDF1F2C6A35007E0B1A /* 05 Happy.mp3 in Resources */ = {isa = PBXBuildFile; fileRef = 64915EDE1F2C6A35007E0B1A /* 05 Happy.mp3 */; };
		64B19B781F19DD490025EA44 /* SongsCell.m in Sources */ = {isa = PBXBuildFile; fileRef = 64B19B771F19DD490025EA44 /* SongsCell.m */; };
		64DEE2AD1F17B846008EB9BE /* main.m in Sources */ = {isa = PBXBuildFile; fileRef = 64DEE2AC1F17B846008EB9BE /* main.m */; };
		64DEE2B01F17B846008EB9BE /* AppDelegate.m in Sources */ = {isa = PBXBuildFile; fileRef = 64DEE2AF1F17B846008EB9BE /* AppDelegate.m */; };
		64DEE2B61F17B846008EB9BE /* Main.storyboard in Resources */ = {isa = PBXBuildFile; fileRef = 64DEE2B41F17B846008EB9BE /* Main.storyboard */; };
		64DEE2B81F17B846008EB9BE /* Assets.xcassets in Resources */ = {isa = PBXBuildFile; fileRef = 64DEE2B71F17B846008EB9BE /* Assets.xcassets */; };
		64DEE2BB1F17B846008EB9BE /* LaunchScreen.storyboard in Resources */ = {isa = PBXBuildFile; fileRef = 64DEE2B91F17B846008EB9BE /* LaunchScreen.storyboard */; };
		64DEE2C61F17B846008EB9BE /* Ivocal_trainerTests.m in Sources */ = {isa = PBXBuildFile; fileRef = 64DEE2C51F17B846008EB9BE /* Ivocal_trainerTests.m */; };
		64DEE2D11F17B846008EB9BE /* Ivocal_trainerUITests.m in Sources */ = {isa = PBXBuildFile; fileRef = 64DEE2D01F17B846008EB9BE /* Ivocal_trainerUITests.m */; };
		64DEE2E61F17BA4B008EB9BE /* FBLoginView.m in Sources */ = {isa = PBXBuildFile; fileRef = 64DEE2E51F17BA4B008EB9BE /* FBLoginView.m */; };
		64DEE2E91F17BA6C008EB9BE /* ProfileView.m in Sources */ = {isa = PBXBuildFile; fileRef = 64DEE2E81F17BA6C008EB9BE /* ProfileView.m */; };
		64DEE2EC1F17BA8D008EB9BE /* PlayListView.m in Sources */ = {isa = PBXBuildFile; fileRef = 64DEE2EB1F17BA8D008EB9BE /* PlayListView.m */; };
		64DEE2EF1F17BB03008EB9BE /* DashboardView.m in Sources */ = {isa = PBXBuildFile; fileRef = 64DEE2EE1F17BB03008EB9BE /* DashboardView.m */; };
		64DF37B51F2D8B4C006B0A6F /* AudioVisualizer in Frameworks */ = {isa = PBXBuildFile; fileRef = 64DF37B41F2D8B4C006B0A6F /* AudioVisualizer */; };
		64DF37BA1F2E0AAE006B0A6F /* WaveView.m in Sources */ = {isa = PBXBuildFile; fileRef = 64DF37B91F2E0AAE006B0A6F /* WaveView.m */; };
		64DF37BB1F2E0C50006B0A6F /* WaveView.h in Frameworks */ = {isa = PBXBuildFile; fileRef = 64DF37B81F2E0AAE006B0A6F /* WaveView.h */; };
		64DF37BC1F2E0C50006B0A6F /* WaveView.m in Frameworks */ = {isa = PBXBuildFile; fileRef = 64DF37B91F2E0AAE006B0A6F /* WaveView.m */; };
		64DF37BF1F2F7A3A006B0A6F /* EZAudio.framework in Frameworks */ = {isa = PBXBuildFile; fileRef = 64DF37AF1F2D89E5006B0A6F /* EZAudio.framework */; };
		64DF37C01F2F7A47006B0A6F /* EZAudio.framework in Frameworks */ = {isa = PBXBuildFile; fileRef = 64DF37AF1F2D89E5006B0A6F /* EZAudio.framework */; };
		64DF37C11F2F7A47006B0A6F /* EZAudio.framework in Embed Frameworks */ = {isa = PBXBuildFile; fileRef = 64DF37AF1F2D89E5006B0A6F /* EZAudio.framework */; settings = {ATTRIBUTES = (CodeSignOnCopy, RemoveHeadersOnCopy, ); }; };
		64E915AA1F38B99C00AFB048 /* utill.m in Sources */ = {isa = PBXBuildFile; fileRef = 64E915A91F38B99C00AFB048 /* utill.m */; };
		64E915AD1F38D67B00AFB048 /* Alerts.m in Sources */ = {isa = PBXBuildFile; fileRef = 64E915AC1F38D67B00AFB048 /* Alerts.m */; };
		6D56D70A85471C099A4BA3BD /* Pods_Ivocal_trainerTests.framework in Frameworks */ = {isa = PBXBuildFile; fileRef = 273ECE4880700B1323E994AE /* Pods_Ivocal_trainerTests.framework */; };
		F355AE955C8C1B7BB4FF4146 /* Pods_Ivocal_trainerUITests.framework in Frameworks */ = {isa = PBXBuildFile; fileRef = B6197D2E026A0A9F78156E8A /* Pods_Ivocal_trainerUITests.framework */; };
/* End PBXBuildFile section */

/* Begin PBXContainerItemProxy section */
		64DEE2C21F17B846008EB9BE /* PBXContainerItemProxy */ = {
			isa = PBXContainerItemProxy;
			containerPortal = 64DEE2A01F17B846008EB9BE /* Project object */;
			proxyType = 1;
			remoteGlobalIDString = 64DEE2A71F17B846008EB9BE;
			remoteInfo = "Ivocal-trainer";
		};
		64DEE2CD1F17B846008EB9BE /* PBXContainerItemProxy */ = {
			isa = PBXContainerItemProxy;
			containerPortal = 64DEE2A01F17B846008EB9BE /* Project object */;
			proxyType = 1;
			remoteGlobalIDString = 64DEE2A71F17B846008EB9BE;
			remoteInfo = "Ivocal-trainer";
		};
/* End PBXContainerItemProxy section */

/* Begin PBXCopyFilesBuildPhase section */
		64DF37C21F2F7A47006B0A6F /* Embed Frameworks */ = {
			isa = PBXCopyFilesBuildPhase;
			buildActionMask = 2147483647;
			dstPath = "";
			dstSubfolderSpec = 10;
			files = (
				64DF37C11F2F7A47006B0A6F /* EZAudio.framework in Embed Frameworks */,
			);
			name = "Embed Frameworks";
			runOnlyForDeploymentPostprocessing = 0;
		};
/* End PBXCopyFilesBuildPhase section */

/* Begin PBXFileReference section */
		011B7C39774A86CB5A4D6309 /* Pods-Ivocal-trainer.debug.xcconfig */ = {isa = PBXFileReference; includeInIndex = 1; lastKnownFileType = text.xcconfig; name = "Pods-Ivocal-trainer.debug.xcconfig"; path = "Pods/Target Support Files/Pods-Ivocal-trainer/Pods-Ivocal-trainer.debug.xcconfig"; sourceTree = "<group>"; };
		273ECE4880700B1323E994AE /* Pods_Ivocal_trainerTests.framework */ = {isa = PBXFileReference; explicitFileType = wrapper.framework; includeInIndex = 0; path = Pods_Ivocal_trainerTests.framework; sourceTree = BUILT_PRODUCTS_DIR; };
		640854111F32236700703BF9 /* RecordView.h */ = {isa = PBXFileReference; fileEncoding = 4; lastKnownFileType = sourcecode.c.h; path = RecordView.h; sourceTree = "<group>"; };
		640854121F32236700703BF9 /* RecordView.m */ = {isa = PBXFileReference; fileEncoding = 4; lastKnownFileType = sourcecode.c.objc; path = RecordView.m; sourceTree = "<group>"; };
		6428E4C51F49E2A900DDF4F3 /* PitchMeterView.h */ = {isa = PBXFileReference; fileEncoding = 4; lastKnownFileType = sourcecode.c.h; path = PitchMeterView.h; sourceTree = "<group>"; };
		6428E4C61F49E2A900DDF4F3 /* PitchMeterView.m */ = {isa = PBXFileReference; fileEncoding = 4; lastKnownFileType = sourcecode.c.objc; path = PitchMeterView.m; sourceTree = "<group>"; };
		644DE5581F41F67E00AB3C3E /* FriendListView.h */ = {isa = PBXFileReference; fileEncoding = 4; lastKnownFileType = sourcecode.c.h; path = FriendListView.h; sourceTree = "<group>"; };
		644DE5591F41F67E00AB3C3E /* FriendListView.m */ = {isa = PBXFileReference; fileEncoding = 4; lastKnownFileType = sourcecode.c.objc; path = FriendListView.m; sourceTree = "<group>"; };
		645AABAC1F1BA4E000FEA7CD /* SongView.h */ = {isa = PBXFileReference; fileEncoding = 4; lastKnownFileType = sourcecode.c.h; path = SongView.h; sourceTree = "<group>"; };
		645AABAD1F1BA4E000FEA7CD /* SongView.m */ = {isa = PBXFileReference; fileEncoding = 4; lastKnownFileType = sourcecode.c.objc; path = SongView.m; sourceTree = "<group>"; };
		645AABAF1F1BA5B200FEA7CD /* AVFoundation.framework */ = {isa = PBXFileReference; lastKnownFileType = wrapper.framework; name = AVFoundation.framework; path = System/Library/Frameworks/AVFoundation.framework; sourceTree = SDKROOT; };
		64760D121F3A0E84004629C2 /* UIColor+HexString.h */ = {isa = PBXFileReference; fileEncoding = 4; lastKnownFileType = sourcecode.c.h; path = "UIColor+HexString.h"; sourceTree = "<group>"; };
		64760D131F3A0E84004629C2 /* UIColor+HexString.m */ = {isa = PBXFileReference; fileEncoding = 4; lastKnownFileType = sourcecode.c.objc; path = "UIColor+HexString.m"; sourceTree = "<group>"; };
		64915EDE1F2C6A35007E0B1A /* 05 Happy.mp3 */ = {isa = PBXFileReference; lastKnownFileType = audio.mp3; path = "05 Happy.mp3"; sourceTree = "<group>"; };
		64B19B761F19DD490025EA44 /* SongsCell.h */ = {isa = PBXFileReference; fileEncoding = 4; lastKnownFileType = sourcecode.c.h; path = SongsCell.h; sourceTree = "<group>"; };
		64B19B771F19DD490025EA44 /* SongsCell.m */ = {isa = PBXFileReference; fileEncoding = 4; lastKnownFileType = sourcecode.c.objc; path = SongsCell.m; sourceTree = "<group>"; };
		64DEE2A81F17B846008EB9BE /* Ivocal-trainer.app */ = {isa = PBXFileReference; explicitFileType = wrapper.application; includeInIndex = 0; path = "Ivocal-trainer.app"; sourceTree = BUILT_PRODUCTS_DIR; };
		64DEE2AC1F17B846008EB9BE /* main.m */ = {isa = PBXFileReference; lastKnownFileType = sourcecode.c.objc; path = main.m; sourceTree = "<group>"; };
		64DEE2AE1F17B846008EB9BE /* AppDelegate.h */ = {isa = PBXFileReference; lastKnownFileType = sourcecode.c.h; path = AppDelegate.h; sourceTree = "<group>"; };
		64DEE2AF1F17B846008EB9BE /* AppDelegate.m */ = {isa = PBXFileReference; lastKnownFileType = sourcecode.c.objc; path = AppDelegate.m; sourceTree = "<group>"; };
		64DEE2B51F17B846008EB9BE /* Base */ = {isa = PBXFileReference; lastKnownFileType = file.storyboard; name = Base; path = Base.lproj/Main.storyboard; sourceTree = "<group>"; };
		64DEE2B71F17B846008EB9BE /* Assets.xcassets */ = {isa = PBXFileReference; lastKnownFileType = folder.assetcatalog; path = Assets.xcassets; sourceTree = "<group>"; };
		64DEE2BA1F17B846008EB9BE /* Base */ = {isa = PBXFileReference; lastKnownFileType = file.storyboard; name = Base; path = Base.lproj/LaunchScreen.storyboard; sourceTree = "<group>"; };
		64DEE2BC1F17B846008EB9BE /* Info.plist */ = {isa = PBXFileReference; lastKnownFileType = text.plist.xml; path = Info.plist; sourceTree = "<group>"; };
		64DEE2C11F17B846008EB9BE /* Ivocal-trainerTests.xctest */ = {isa = PBXFileReference; explicitFileType = wrapper.cfbundle; includeInIndex = 0; path = "Ivocal-trainerTests.xctest"; sourceTree = BUILT_PRODUCTS_DIR; };
		64DEE2C51F17B846008EB9BE /* Ivocal_trainerTests.m */ = {isa = PBXFileReference; lastKnownFileType = sourcecode.c.objc; path = Ivocal_trainerTests.m; sourceTree = "<group>"; };
		64DEE2C71F17B846008EB9BE /* Info.plist */ = {isa = PBXFileReference; lastKnownFileType = text.plist.xml; path = Info.plist; sourceTree = "<group>"; };
		64DEE2CC1F17B846008EB9BE /* Ivocal-trainerUITests.xctest */ = {isa = PBXFileReference; explicitFileType = wrapper.cfbundle; includeInIndex = 0; path = "Ivocal-trainerUITests.xctest"; sourceTree = BUILT_PRODUCTS_DIR; };
		64DEE2D01F17B846008EB9BE /* Ivocal_trainerUITests.m */ = {isa = PBXFileReference; lastKnownFileType = sourcecode.c.objc; path = Ivocal_trainerUITests.m; sourceTree = "<group>"; };
		64DEE2D21F17B846008EB9BE /* Info.plist */ = {isa = PBXFileReference; lastKnownFileType = text.plist.xml; path = Info.plist; sourceTree = "<group>"; };
		64DEE2E41F17BA4B008EB9BE /* FBLoginView.h */ = {isa = PBXFileReference; fileEncoding = 4; lastKnownFileType = sourcecode.c.h; name = FBLoginView.h; path = "Social Media/FBLoginView.h"; sourceTree = "<group>"; };
		64DEE2E51F17BA4B008EB9BE /* FBLoginView.m */ = {isa = PBXFileReference; fileEncoding = 4; lastKnownFileType = sourcecode.c.objc; name = FBLoginView.m; path = "Social Media/FBLoginView.m"; sourceTree = "<group>"; };
		64DEE2E71F17BA6C008EB9BE /* ProfileView.h */ = {isa = PBXFileReference; fileEncoding = 4; lastKnownFileType = sourcecode.c.h; name = ProfileView.h; path = Profile/ProfileView.h; sourceTree = "<group>"; };
		64DEE2E81F17BA6C008EB9BE /* ProfileView.m */ = {isa = PBXFileReference; fileEncoding = 4; lastKnownFileType = sourcecode.c.objc; name = ProfileView.m; path = Profile/ProfileView.m; sourceTree = "<group>"; };
		64DEE2EA1F17BA8D008EB9BE /* PlayListView.h */ = {isa = PBXFileReference; fileEncoding = 4; lastKnownFileType = sourcecode.c.h; name = PlayListView.h; path = Songs/PlayListView.h; sourceTree = "<group>"; };
		64DEE2EB1F17BA8D008EB9BE /* PlayListView.m */ = {isa = PBXFileReference; fileEncoding = 4; lastKnownFileType = sourcecode.c.objc; name = PlayListView.m; path = Songs/PlayListView.m; sourceTree = "<group>"; };
		64DEE2ED1F17BB03008EB9BE /* DashboardView.h */ = {isa = PBXFileReference; fileEncoding = 4; lastKnownFileType = sourcecode.c.h; name = DashboardView.h; path = Home/DashboardView.h; sourceTree = "<group>"; };
		64DEE2EE1F17BB03008EB9BE /* DashboardView.m */ = {isa = PBXFileReference; fileEncoding = 4; lastKnownFileType = sourcecode.c.objc; name = DashboardView.m; path = Home/DashboardView.m; sourceTree = "<group>"; };
		64DF37AF1F2D89E5006B0A6F /* EZAudio.framework */ = {isa = PBXFileReference; lastKnownFileType = wrapper.framework; name = EZAudio.framework; path = "../../../Library/Developer/Xcode/DerivedData/Ivocal-trainer-dzxhczugoarbrsagfbpnxdiandab/Build/Products/Debug-iphonesimulator/EZAudio/EZAudio.framework"; sourceTree = "<group>"; };
		64DF37B11F2D8A24006B0A6F /* EZAudio */ = {isa = PBXFileReference; lastKnownFileType = folder; name = EZAudio; path = "../../../Downloads/EZAudio-master/EZAudio"; sourceTree = "<group>"; };
		64DF37B41F2D8B4C006B0A6F /* AudioVisualizer */ = {isa = PBXFileReference; lastKnownFileType = folder; name = AudioVisualizer; path = "../../../Downloads/AudioVisualizer-master/AudioVisualizer/AudioVisualizer"; sourceTree = "<group>"; };
		64DF37B61F2E09D4006B0A6F /* Class */ = {isa = PBXFileReference; lastKnownFileType = folder; name = Class; path = "../../../Downloads/WaveView-master/Class"; sourceTree = "<group>"; };
		64DF37B81F2E0AAE006B0A6F /* WaveView.h */ = {isa = PBXFileReference; fileEncoding = 4; lastKnownFileType = sourcecode.c.h; path = WaveView.h; sourceTree = "<group>"; };
		64DF37B91F2E0AAE006B0A6F /* WaveView.m */ = {isa = PBXFileReference; fileEncoding = 4; lastKnownFileType = sourcecode.c.objc; path = WaveView.m; sourceTree = "<group>"; };
		64E915A81F38B95500AFB048 /* utill.h */ = {isa = PBXFileReference; fileEncoding = 4; lastKnownFileType = sourcecode.c.h; path = utill.h; sourceTree = "<group>"; };
		64E915A91F38B99C00AFB048 /* utill.m */ = {isa = PBXFileReference; fileEncoding = 4; lastKnownFileType = sourcecode.c.objc; path = utill.m; sourceTree = "<group>"; };
		64E915AB1F38D67B00AFB048 /* Alerts.h */ = {isa = PBXFileReference; fileEncoding = 4; lastKnownFileType = sourcecode.c.h; path = Alerts.h; sourceTree = "<group>"; };
		64E915AC1F38D67B00AFB048 /* Alerts.m */ = {isa = PBXFileReference; fileEncoding = 4; lastKnownFileType = sourcecode.c.objc; path = Alerts.m; sourceTree = "<group>"; };
		76C5C5176D2F32B0679B5419 /* Pods-Ivocal-trainerTests.release.xcconfig */ = {isa = PBXFileReference; includeInIndex = 1; lastKnownFileType = text.xcconfig; name = "Pods-Ivocal-trainerTests.release.xcconfig"; path = "Pods/Target Support Files/Pods-Ivocal-trainerTests/Pods-Ivocal-trainerTests.release.xcconfig"; sourceTree = "<group>"; };
		79F9C9E85A93892EE845FAD9 /* Pods-Ivocal-trainerUITests.debug.xcconfig */ = {isa = PBXFileReference; includeInIndex = 1; lastKnownFileType = text.xcconfig; name = "Pods-Ivocal-trainerUITests.debug.xcconfig"; path = "Pods/Target Support Files/Pods-Ivocal-trainerUITests/Pods-Ivocal-trainerUITests.debug.xcconfig"; sourceTree = "<group>"; };
		A6DB8BF6ACD9DF06B0035683 /* Pods-Ivocal-trainer.release.xcconfig */ = {isa = PBXFileReference; includeInIndex = 1; lastKnownFileType = text.xcconfig; name = "Pods-Ivocal-trainer.release.xcconfig"; path = "Pods/Target Support Files/Pods-Ivocal-trainer/Pods-Ivocal-trainer.release.xcconfig"; sourceTree = "<group>"; };
		B6197D2E026A0A9F78156E8A /* Pods_Ivocal_trainerUITests.framework */ = {isa = PBXFileReference; explicitFileType = wrapper.framework; includeInIndex = 0; path = Pods_Ivocal_trainerUITests.framework; sourceTree = BUILT_PRODUCTS_DIR; };
		C9B5E52EB67730A3CA5BEEB7 /* Pods_Ivocal_trainer.framework */ = {isa = PBXFileReference; explicitFileType = wrapper.framework; includeInIndex = 0; path = Pods_Ivocal_trainer.framework; sourceTree = BUILT_PRODUCTS_DIR; };
		E04D0CF6FC90B79DEA1CDEAA /* Pods-Ivocal-trainerUITests.release.xcconfig */ = {isa = PBXFileReference; includeInIndex = 1; lastKnownFileType = text.xcconfig; name = "Pods-Ivocal-trainerUITests.release.xcconfig"; path = "Pods/Target Support Files/Pods-Ivocal-trainerUITests/Pods-Ivocal-trainerUITests.release.xcconfig"; sourceTree = "<group>"; };
		F5CA33A433FAC1F3563FA628 /* Pods-Ivocal-trainerTests.debug.xcconfig */ = {isa = PBXFileReference; includeInIndex = 1; lastKnownFileType = text.xcconfig; name = "Pods-Ivocal-trainerTests.debug.xcconfig"; path = "Pods/Target Support Files/Pods-Ivocal-trainerTests/Pods-Ivocal-trainerTests.debug.xcconfig"; sourceTree = "<group>"; };
/* End PBXFileReference section */

/* Begin PBXFrameworksBuildPhase section */
		64DEE2A51F17B846008EB9BE /* Frameworks */ = {
			isa = PBXFrameworksBuildPhase;
			buildActionMask = 2147483647;
			files = (
				64DF37BF1F2F7A3A006B0A6F /* EZAudio.framework in Frameworks */,
				64DF37BB1F2E0C50006B0A6F /* WaveView.h in Frameworks */,
				64DF37C01F2F7A47006B0A6F /* EZAudio.framework in Frameworks */,
				64DF37BC1F2E0C50006B0A6F /* WaveView.m in Frameworks */,
				64DF37B51F2D8B4C006B0A6F /* AudioVisualizer in Frameworks */,
				645AABB01F1BA5B200FEA7CD /* AVFoundation.framework in Frameworks */,
				12CC4EDDC1D876AE0185D35B /* Pods_Ivocal_trainer.framework in Frameworks */,
			);
			runOnlyForDeploymentPostprocessing = 0;
		};
		64DEE2BE1F17B846008EB9BE /* Frameworks */ = {
			isa = PBXFrameworksBuildPhase;
			buildActionMask = 2147483647;
			files = (
				6D56D70A85471C099A4BA3BD /* Pods_Ivocal_trainerTests.framework in Frameworks */,
			);
			runOnlyForDeploymentPostprocessing = 0;
		};
		64DEE2C91F17B846008EB9BE /* Frameworks */ = {
			isa = PBXFrameworksBuildPhase;
			buildActionMask = 2147483647;
			files = (
				F355AE955C8C1B7BB4FF4146 /* Pods_Ivocal_trainerUITests.framework in Frameworks */,
			);
			runOnlyForDeploymentPostprocessing = 0;
		};
/* End PBXFrameworksBuildPhase section */

/* Begin PBXGroup section */
		0160011A3E5345BA339E67F1 /* Pods */ = {
			isa = PBXGroup;
			children = (
				011B7C39774A86CB5A4D6309 /* Pods-Ivocal-trainer.debug.xcconfig */,
				A6DB8BF6ACD9DF06B0035683 /* Pods-Ivocal-trainer.release.xcconfig */,
				F5CA33A433FAC1F3563FA628 /* Pods-Ivocal-trainerTests.debug.xcconfig */,
				76C5C5176D2F32B0679B5419 /* Pods-Ivocal-trainerTests.release.xcconfig */,
				79F9C9E85A93892EE845FAD9 /* Pods-Ivocal-trainerUITests.debug.xcconfig */,
				E04D0CF6FC90B79DEA1CDEAA /* Pods-Ivocal-trainerUITests.release.xcconfig */,
			);
			name = Pods;
			sourceTree = "<group>";
		};
		369DAB0971B698674961BA02 /* Frameworks */ = {
			isa = PBXGroup;
			children = (
				64DF37B61F2E09D4006B0A6F /* Class */,
				64DF37B41F2D8B4C006B0A6F /* AudioVisualizer */,
				64DF37B11F2D8A24006B0A6F /* EZAudio */,
				64DF37AF1F2D89E5006B0A6F /* EZAudio.framework */,
				645AABAF1F1BA5B200FEA7CD /* AVFoundation.framework */,
				C9B5E52EB67730A3CA5BEEB7 /* Pods_Ivocal_trainer.framework */,
				273ECE4880700B1323E994AE /* Pods_Ivocal_trainerTests.framework */,
				B6197D2E026A0A9F78156E8A /* Pods_Ivocal_trainerUITests.framework */,
			);
			name = Frameworks;
			sourceTree = "<group>";
		};
		64DEE29F1F17B846008EB9BE = {
			isa = PBXGroup;
			children = (
				64DEE2AA1F17B846008EB9BE /* Ivocal-trainer */,
				64DEE2C41F17B846008EB9BE /* Ivocal-trainerTests */,
				64DEE2CF1F17B846008EB9BE /* Ivocal-trainerUITests */,
				64DEE2A91F17B846008EB9BE /* Products */,
				0160011A3E5345BA339E67F1 /* Pods */,
				369DAB0971B698674961BA02 /* Frameworks */,
			);
			sourceTree = "<group>";
		};
		64DEE2A91F17B846008EB9BE /* Products */ = {
			isa = PBXGroup;
			children = (
				64DEE2A81F17B846008EB9BE /* Ivocal-trainer.app */,
				64DEE2C11F17B846008EB9BE /* Ivocal-trainerTests.xctest */,
				64DEE2CC1F17B846008EB9BE /* Ivocal-trainerUITests.xctest */,
			);
			name = Products;
			sourceTree = "<group>";
		};
		64DEE2AA1F17B846008EB9BE /* Ivocal-trainer */ = {
			isa = PBXGroup;
			children = (
				64DEE2E31F17BA12008EB9BE /* Profile */,
				64DEE2E21F17BA09008EB9BE /* Social media */,
				64DEE2E11F17B9FB008EB9BE /* Songs */,
				64DEE2DE1F17B9DA008EB9BE /* Home */,
				64DEE2AE1F17B846008EB9BE /* AppDelegate.h */,
				64DEE2AF1F17B846008EB9BE /* AppDelegate.m */,
				64DEE2B41F17B846008EB9BE /* Main.storyboard */,
				64DEE2B71F17B846008EB9BE /* Assets.xcassets */,
				64DEE2B91F17B846008EB9BE /* LaunchScreen.storyboard */,
				64DEE2BC1F17B846008EB9BE /* Info.plist */,
				64DEE2AB1F17B846008EB9BE /* Supporting Files */,
			);
			path = "Ivocal-trainer";
			sourceTree = "<group>";
		};
		64DEE2AB1F17B846008EB9BE /* Supporting Files */ = {
			isa = PBXGroup;
			children = (
				64760D121F3A0E84004629C2 /* UIColor+HexString.h */,
				64760D131F3A0E84004629C2 /* UIColor+HexString.m */,
				64DF37B81F2E0AAE006B0A6F /* WaveView.h */,
				64E915AB1F38D67B00AFB048 /* Alerts.h */,
				64E915AC1F38D67B00AFB048 /* Alerts.m */,
				64DF37B91F2E0AAE006B0A6F /* WaveView.m */,
				64DEE2AC1F17B846008EB9BE /* main.m */,
				64E915A81F38B95500AFB048 /* utill.h */,
				64E915A91F38B99C00AFB048 /* utill.m */,
			);
			name = "Supporting Files";
			sourceTree = "<group>";
		};
		64DEE2C41F17B846008EB9BE /* Ivocal-trainerTests */ = {
			isa = PBXGroup;
			children = (
				64DEE2C51F17B846008EB9BE /* Ivocal_trainerTests.m */,
				64DEE2C71F17B846008EB9BE /* Info.plist */,
			);
			path = "Ivocal-trainerTests";
			sourceTree = "<group>";
		};
		64DEE2CF1F17B846008EB9BE /* Ivocal-trainerUITests */ = {
			isa = PBXGroup;
			children = (
				64DEE2D01F17B846008EB9BE /* Ivocal_trainerUITests.m */,
				64DEE2D21F17B846008EB9BE /* Info.plist */,
			);
			path = "Ivocal-trainerUITests";
			sourceTree = "<group>";
		};
		64DEE2DE1F17B9DA008EB9BE /* Home */ = {
			isa = PBXGroup;
			children = (
				64DEE2ED1F17BB03008EB9BE /* DashboardView.h */,
				64DEE2EE1F17BB03008EB9BE /* DashboardView.m */,
				6428E4C51F49E2A900DDF4F3 /* PitchMeterView.h */,
				6428E4C61F49E2A900DDF4F3 /* PitchMeterView.m */,
			);
			name = Home;
			sourceTree = "<group>";
		};
		64DEE2E11F17B9FB008EB9BE /* Songs */ = {
			isa = PBXGroup;
			children = (
				64DEE2EA1F17BA8D008EB9BE /* PlayListView.h */,
				64DEE2EB1F17BA8D008EB9BE /* PlayListView.m */,
				64915EDE1F2C6A35007E0B1A /* 05 Happy.mp3 */,
				645AABAC1F1BA4E000FEA7CD /* SongView.h */,
				645AABAD1F1BA4E000FEA7CD /* SongView.m */,
				640854111F32236700703BF9 /* RecordView.h */,
				640854121F32236700703BF9 /* RecordView.m */,
				64B19B761F19DD490025EA44 /* SongsCell.h */,
				64B19B771F19DD490025EA44 /* SongsCell.m */,
			);
			name = Songs;
			sourceTree = "<group>";
		};
		64DEE2E21F17BA09008EB9BE /* Social media */ = {
			isa = PBXGroup;
			children = (
				64DEE2E41F17BA4B008EB9BE /* FBLoginView.h */,
				64DEE2E51F17BA4B008EB9BE /* FBLoginView.m */,
				644DE5581F41F67E00AB3C3E /* FriendListView.h */,
				644DE5591F41F67E00AB3C3E /* FriendListView.m */,
			);
			name = "Social media";
			sourceTree = "<group>";
		};
		64DEE2E31F17BA12008EB9BE /* Profile */ = {
			isa = PBXGroup;
			children = (
				64DEE2E71F17BA6C008EB9BE /* ProfileView.h */,
				64DEE2E81F17BA6C008EB9BE /* ProfileView.m */,
			);
			name = Profile;
			sourceTree = "<group>";
		};
/* End PBXGroup section */

/* Begin PBXNativeTarget section */
		64DEE2A71F17B846008EB9BE /* Ivocal-trainer */ = {
			isa = PBXNativeTarget;
			buildConfigurationList = 64DEE2D51F17B846008EB9BE /* Build configuration list for PBXNativeTarget "Ivocal-trainer" */;
			buildPhases = (
				B5CA57D877F349144DE41A56 /* [CP] Check Pods Manifest.lock */,
				64DEE2A41F17B846008EB9BE /* Sources */,
				64DEE2A51F17B846008EB9BE /* Frameworks */,
				64DEE2A61F17B846008EB9BE /* Resources */,
				CA4DADD9F7B36713C5495AB8 /* [CP] Embed Pods Frameworks */,
				A5F1BE1E6814E6D545F26D20 /* [CP] Copy Pods Resources */,
				64DF37C21F2F7A47006B0A6F /* Embed Frameworks */,
			);
			buildRules = (
			);
			dependencies = (
			);
			name = "Ivocal-trainer";
			productName = "Ivocal-trainer";
			productReference = 64DEE2A81F17B846008EB9BE /* Ivocal-trainer.app */;
			productType = "com.apple.product-type.application";
		};
		64DEE2C01F17B846008EB9BE /* Ivocal-trainerTests */ = {
			isa = PBXNativeTarget;
			buildConfigurationList = 64DEE2D81F17B846008EB9BE /* Build configuration list for PBXNativeTarget "Ivocal-trainerTests" */;
			buildPhases = (
				E4BC70427351CF6C04A5A1B0 /* [CP] Check Pods Manifest.lock */,
				64DEE2BD1F17B846008EB9BE /* Sources */,
				64DEE2BE1F17B846008EB9BE /* Frameworks */,
				64DEE2BF1F17B846008EB9BE /* Resources */,
				89E4A28A516ED78F68D7AFED /* [CP] Embed Pods Frameworks */,
				7FA07BCF9F1DCF4C8834461F /* [CP] Copy Pods Resources */,
			);
			buildRules = (
			);
			dependencies = (
				64DEE2C31F17B846008EB9BE /* PBXTargetDependency */,
			);
			name = "Ivocal-trainerTests";
			productName = "Ivocal-trainerTests";
			productReference = 64DEE2C11F17B846008EB9BE /* Ivocal-trainerTests.xctest */;
			productType = "com.apple.product-type.bundle.unit-test";
		};
		64DEE2CB1F17B846008EB9BE /* Ivocal-trainerUITests */ = {
			isa = PBXNativeTarget;
			buildConfigurationList = 64DEE2DB1F17B846008EB9BE /* Build configuration list for PBXNativeTarget "Ivocal-trainerUITests" */;
			buildPhases = (
				676EBA1D24DAD8800A3F0501 /* [CP] Check Pods Manifest.lock */,
				64DEE2C81F17B846008EB9BE /* Sources */,
				64DEE2C91F17B846008EB9BE /* Frameworks */,
				64DEE2CA1F17B846008EB9BE /* Resources */,
				2323C99A0C7823D1693506CA /* [CP] Embed Pods Frameworks */,
				E87810D8BA056514A4A57333 /* [CP] Copy Pods Resources */,
			);
			buildRules = (
			);
			dependencies = (
				64DEE2CE1F17B846008EB9BE /* PBXTargetDependency */,
			);
			name = "Ivocal-trainerUITests";
			productName = "Ivocal-trainerUITests";
			productReference = 64DEE2CC1F17B846008EB9BE /* Ivocal-trainerUITests.xctest */;
			productType = "com.apple.product-type.bundle.ui-testing";
		};
/* End PBXNativeTarget section */

/* Begin PBXProject section */
		64DEE2A01F17B846008EB9BE /* Project object */ = {
			isa = PBXProject;
			attributes = {
				LastUpgradeCheck = 0830;
				ORGANIZATIONNAME = "Gayanath Damith Amarasinghe";
				TargetAttributes = {
					64DEE2A71F17B846008EB9BE = {
						CreatedOnToolsVersion = 8.3.3;
						DevelopmentTeam = 4CNF6CA6XD;
						ProvisioningStyle = Automatic;
					};
					64DEE2C01F17B846008EB9BE = {
						CreatedOnToolsVersion = 8.3.3;
						DevelopmentTeam = 4CNF6CA6XD;
						ProvisioningStyle = Automatic;
						TestTargetID = 64DEE2A71F17B846008EB9BE;
					};
					64DEE2CB1F17B846008EB9BE = {
						CreatedOnToolsVersion = 8.3.3;
						DevelopmentTeam = 4CNF6CA6XD;
						ProvisioningStyle = Automatic;
						TestTargetID = 64DEE2A71F17B846008EB9BE;
					};
				};
			};
			buildConfigurationList = 64DEE2A31F17B846008EB9BE /* Build configuration list for PBXProject "Ivocal-trainer" */;
			compatibilityVersion = "Xcode 3.2";
			developmentRegion = English;
			hasScannedForEncodings = 0;
			knownRegions = (
				en,
				Base,
			);
			mainGroup = 64DEE29F1F17B846008EB9BE;
			productRefGroup = 64DEE2A91F17B846008EB9BE /* Products */;
			projectDirPath = "";
			projectRoot = "";
			targets = (
				64DEE2A71F17B846008EB9BE /* Ivocal-trainer */,
				64DEE2C01F17B846008EB9BE /* Ivocal-trainerTests */,
				64DEE2CB1F17B846008EB9BE /* Ivocal-trainerUITests */,
			);
		};
/* End PBXProject section */

/* Begin PBXResourcesBuildPhase section */
		64DEE2A61F17B846008EB9BE /* Resources */ = {
			isa = PBXResourcesBuildPhase;
			buildActionMask = 2147483647;
			files = (
				64DEE2BB1F17B846008EB9BE /* LaunchScreen.storyboard in Resources */,
				64915EDF1F2C6A35007E0B1A /* 05 Happy.mp3 in Resources */,
				64DEE2B81F17B846008EB9BE /* Assets.xcassets in Resources */,
				64DEE2B61F17B846008EB9BE /* Main.storyboard in Resources */,
			);
			runOnlyForDeploymentPostprocessing = 0;
		};
		64DEE2BF1F17B846008EB9BE /* Resources */ = {
			isa = PBXResourcesBuildPhase;
			buildActionMask = 2147483647;
			files = (
			);
			runOnlyForDeploymentPostprocessing = 0;
		};
		64DEE2CA1F17B846008EB9BE /* Resources */ = {
			isa = PBXResourcesBuildPhase;
			buildActionMask = 2147483647;
			files = (
			);
			runOnlyForDeploymentPostprocessing = 0;
		};
/* End PBXResourcesBuildPhase section */

/* Begin PBXShellScriptBuildPhase section */
		2323C99A0C7823D1693506CA /* [CP] Embed Pods Frameworks */ = {
			isa = PBXShellScriptBuildPhase;
			buildActionMask = 2147483647;
			files = (
			);
			inputPaths = (
			);
			name = "[CP] Embed Pods Frameworks";
			outputPaths = (
			);
			runOnlyForDeploymentPostprocessing = 0;
			shellPath = /bin/sh;
			shellScript = "\"${SRCROOT}/Pods/Target Support Files/Pods-Ivocal-trainerUITests/Pods-Ivocal-trainerUITests-frameworks.sh\"\n";
			showEnvVarsInLog = 0;
		};
		676EBA1D24DAD8800A3F0501 /* [CP] Check Pods Manifest.lock */ = {
			isa = PBXShellScriptBuildPhase;
			buildActionMask = 2147483647;
			files = (
			);
			inputPaths = (
			);
			name = "[CP] Check Pods Manifest.lock";
			outputPaths = (
			);
			runOnlyForDeploymentPostprocessing = 0;
			shellPath = /bin/sh;
			shellScript = "diff \"${PODS_ROOT}/../Podfile.lock\" \"${PODS_ROOT}/Manifest.lock\" > /dev/null\nif [ $? != 0 ] ; then\n    # print error to STDERR\n    echo \"error: The sandbox is not in sync with the Podfile.lock. Run 'pod install' or update your CocoaPods installation.\" >&2\n    exit 1\nfi\n";
			showEnvVarsInLog = 0;
		};
		7FA07BCF9F1DCF4C8834461F /* [CP] Copy Pods Resources */ = {
			isa = PBXShellScriptBuildPhase;
			buildActionMask = 2147483647;
			files = (
			);
			inputPaths = (
			);
			name = "[CP] Copy Pods Resources";
			outputPaths = (
			);
			runOnlyForDeploymentPostprocessing = 0;
			shellPath = /bin/sh;
			shellScript = "\"${SRCROOT}/Pods/Target Support Files/Pods-Ivocal-trainerTests/Pods-Ivocal-trainerTests-resources.sh\"\n";
			showEnvVarsInLog = 0;
		};
		89E4A28A516ED78F68D7AFED /* [CP] Embed Pods Frameworks */ = {
			isa = PBXShellScriptBuildPhase;
			buildActionMask = 2147483647;
			files = (
			);
			inputPaths = (
			);
			name = "[CP] Embed Pods Frameworks";
			outputPaths = (
			);
			runOnlyForDeploymentPostprocessing = 0;
			shellPath = /bin/sh;
			shellScript = "\"${SRCROOT}/Pods/Target Support Files/Pods-Ivocal-trainerTests/Pods-Ivocal-trainerTests-frameworks.sh\"\n";
			showEnvVarsInLog = 0;
		};
		A5F1BE1E6814E6D545F26D20 /* [CP] Copy Pods Resources */ = {
			isa = PBXShellScriptBuildPhase;
			buildActionMask = 2147483647;
			files = (
			);
			inputPaths = (
			);
			name = "[CP] Copy Pods Resources";
			outputPaths = (
			);
			runOnlyForDeploymentPostprocessing = 0;
			shellPath = /bin/sh;
			shellScript = "\"${SRCROOT}/Pods/Target Support Files/Pods-Ivocal-trainer/Pods-Ivocal-trainer-resources.sh\"\n";
			showEnvVarsInLog = 0;
		};
		B5CA57D877F349144DE41A56 /* [CP] Check Pods Manifest.lock */ = {
			isa = PBXShellScriptBuildPhase;
			buildActionMask = 2147483647;
			files = (
			);
			inputPaths = (
			);
			name = "[CP] Check Pods Manifest.lock";
			outputPaths = (
			);
			runOnlyForDeploymentPostprocessing = 0;
			shellPath = /bin/sh;
			shellScript = "diff \"${PODS_ROOT}/../Podfile.lock\" \"${PODS_ROOT}/Manifest.lock\" > /dev/null\nif [ $? != 0 ] ; then\n    # print error to STDERR\n    echo \"error: The sandbox is not in sync with the Podfile.lock. Run 'pod install' or update your CocoaPods installation.\" >&2\n    exit 1\nfi\n";
			showEnvVarsInLog = 0;
		};
		CA4DADD9F7B36713C5495AB8 /* [CP] Embed Pods Frameworks */ = {
			isa = PBXShellScriptBuildPhase;
			buildActionMask = 2147483647;
			files = (
			);
			inputPaths = (
			);
			name = "[CP] Embed Pods Frameworks";
			outputPaths = (
			);
			runOnlyForDeploymentPostprocessing = 0;
			shellPath = /bin/sh;
			shellScript = "\"${SRCROOT}/Pods/Target Support Files/Pods-Ivocal-trainer/Pods-Ivocal-trainer-frameworks.sh\"\n";
			showEnvVarsInLog = 0;
		};
		E4BC70427351CF6C04A5A1B0 /* [CP] Check Pods Manifest.lock */ = {
			isa = PBXShellScriptBuildPhase;
			buildActionMask = 2147483647;
			files = (
			);
			inputPaths = (
			);
			name = "[CP] Check Pods Manifest.lock";
			outputPaths = (
			);
			runOnlyForDeploymentPostprocessing = 0;
			shellPath = /bin/sh;
			shellScript = "diff \"${PODS_ROOT}/../Podfile.lock\" \"${PODS_ROOT}/Manifest.lock\" > /dev/null\nif [ $? != 0 ] ; then\n    # print error to STDERR\n    echo \"error: The sandbox is not in sync with the Podfile.lock. Run 'pod install' or update your CocoaPods installation.\" >&2\n    exit 1\nfi\n";
			showEnvVarsInLog = 0;
		};
		E87810D8BA056514A4A57333 /* [CP] Copy Pods Resources */ = {
			isa = PBXShellScriptBuildPhase;
			buildActionMask = 2147483647;
			files = (
			);
			inputPaths = (
			);
			name = "[CP] Copy Pods Resources";
			outputPaths = (
			);
			runOnlyForDeploymentPostprocessing = 0;
			shellPath = /bin/sh;
			shellScript = "\"${SRCROOT}/Pods/Target Support Files/Pods-Ivocal-trainerUITests/Pods-Ivocal-trainerUITests-resources.sh\"\n";
			showEnvVarsInLog = 0;
		};
/* End PBXShellScriptBuildPhase section */

/* Begin PBXSourcesBuildPhase section */
		64DEE2A41F17B846008EB9BE /* Sources */ = {
			isa = PBXSourcesBuildPhase;
			buildActionMask = 2147483647;
			files = (
				64DEE2E91F17BA6C008EB9BE /* ProfileView.m in Sources */,
				64DEE2EF1F17BB03008EB9BE /* DashboardView.m in Sources */,
				644DE55A1F41F67E00AB3C3E /* FriendListView.m in Sources */,
				64DEE2EC1F17BA8D008EB9BE /* PlayListView.m in Sources */,
				640854131F32236700703BF9 /* RecordView.m in Sources */,
				64DEE2E61F17BA4B008EB9BE /* FBLoginView.m in Sources */,
				64DEE2B01F17B846008EB9BE /* AppDelegate.m in Sources */,
				64E915AD1F38D67B00AFB048 /* Alerts.m in Sources */,
				64DEE2AD1F17B846008EB9BE /* main.m in Sources */,
				64B19B781F19DD490025EA44 /* SongsCell.m in Sources */,
				64E915AA1F38B99C00AFB048 /* utill.m in Sources */,
				645AABAE1F1BA4E000FEA7CD /* SongView.m in Sources */,
				64DF37BA1F2E0AAE006B0A6F /* WaveView.m in Sources */,
				64760D141F3A0E84004629C2 /* UIColor+HexString.m in Sources */,
				6428E4C71F49E2A900DDF4F3 /* PitchMeterView.m in Sources */,
			);
			runOnlyForDeploymentPostprocessing = 0;
		};
		64DEE2BD1F17B846008EB9BE /* Sources */ = {
			isa = PBXSourcesBuildPhase;
			buildActionMask = 2147483647;
			files = (
				64DEE2C61F17B846008EB9BE /* Ivocal_trainerTests.m in Sources */,
			);
			runOnlyForDeploymentPostprocessing = 0;
		};
		64DEE2C81F17B846008EB9BE /* Sources */ = {
			isa = PBXSourcesBuildPhase;
			buildActionMask = 2147483647;
			files = (
				64DEE2D11F17B846008EB9BE /* Ivocal_trainerUITests.m in Sources */,
			);
			runOnlyForDeploymentPostprocessing = 0;
		};
/* End PBXSourcesBuildPhase section */

/* Begin PBXTargetDependency section */
		64DEE2C31F17B846008EB9BE /* PBXTargetDependency */ = {
			isa = PBXTargetDependency;
			target = 64DEE2A71F17B846008EB9BE /* Ivocal-trainer */;
			targetProxy = 64DEE2C21F17B846008EB9BE /* PBXContainerItemProxy */;
		};
		64DEE2CE1F17B846008EB9BE /* PBXTargetDependency */ = {
			isa = PBXTargetDependency;
			target = 64DEE2A71F17B846008EB9BE /* Ivocal-trainer */;
			targetProxy = 64DEE2CD1F17B846008EB9BE /* PBXContainerItemProxy */;
		};
/* End PBXTargetDependency section */

/* Begin PBXVariantGroup section */
		64DEE2B41F17B846008EB9BE /* Main.storyboard */ = {
			isa = PBXVariantGroup;
			children = (
				64DEE2B51F17B846008EB9BE /* Base */,
			);
			name = Main.storyboard;
			sourceTree = "<group>";
		};
		64DEE2B91F17B846008EB9BE /* LaunchScreen.storyboard */ = {
			isa = PBXVariantGroup;
			children = (
				64DEE2BA1F17B846008EB9BE /* Base */,
			);
			name = LaunchScreen.storyboard;
			sourceTree = "<group>";
		};
/* End PBXVariantGroup section */

/* Begin XCBuildConfiguration section */
		64DEE2D31F17B846008EB9BE /* Debug */ = {
			isa = XCBuildConfiguration;
			buildSettings = {
				ALWAYS_SEARCH_USER_PATHS = NO;
				CLANG_ALLOW_NON_MODULAR_INCLUDES_IN_FRAMEWORK_MODULES = YES;
				CLANG_ANALYZER_NONNULL = YES;
				CLANG_ANALYZER_NUMBER_OBJECT_CONVERSION = YES_AGGRESSIVE;
				CLANG_CXX_LANGUAGE_STANDARD = "gnu++0x";
				CLANG_CXX_LIBRARY = "libc++";
				CLANG_ENABLE_MODULES = YES;
				CLANG_ENABLE_OBJC_ARC = YES;
				CLANG_WARN_BOOL_CONVERSION = YES;
				CLANG_WARN_CONSTANT_CONVERSION = YES;
				CLANG_WARN_DIRECT_OBJC_ISA_USAGE = YES_ERROR;
				CLANG_WARN_DOCUMENTATION_COMMENTS = YES;
				CLANG_WARN_EMPTY_BODY = YES;
				CLANG_WARN_ENUM_CONVERSION = YES;
				CLANG_WARN_INFINITE_RECURSION = YES;
				CLANG_WARN_INT_CONVERSION = YES;
				CLANG_WARN_OBJC_ROOT_CLASS = YES_ERROR;
				CLANG_WARN_SUSPICIOUS_MOVE = YES;
				CLANG_WARN_UNREACHABLE_CODE = YES;
				CLANG_WARN__DUPLICATE_METHOD_MATCH = YES;
				"CODE_SIGN_IDENTITY[sdk=iphoneos*]" = "iPhone Developer";
				COPY_PHASE_STRIP = NO;
				DEBUG_INFORMATION_FORMAT = dwarf;
				ENABLE_STRICT_OBJC_MSGSEND = YES;
				ENABLE_TESTABILITY = YES;
				GCC_C_LANGUAGE_STANDARD = gnu99;
				GCC_DYNAMIC_NO_PIC = NO;
				GCC_NO_COMMON_BLOCKS = YES;
				GCC_OPTIMIZATION_LEVEL = 0;
				GCC_PREPROCESSOR_DEFINITIONS = (
					"DEBUG=1",
					"$(inherited)",
				);
				GCC_WARN_64_TO_32_BIT_CONVERSION = YES;
				GCC_WARN_ABOUT_RETURN_TYPE = YES_ERROR;
				GCC_WARN_UNDECLARED_SELECTOR = YES;
				GCC_WARN_UNINITIALIZED_AUTOS = YES_AGGRESSIVE;
				GCC_WARN_UNUSED_FUNCTION = YES;
				GCC_WARN_UNUSED_VARIABLE = YES;
				IPHONEOS_DEPLOYMENT_TARGET = 10.3;
				MTL_ENABLE_DEBUG_INFO = YES;
				ONLY_ACTIVE_ARCH = YES;
				SDKROOT = iphoneos;
			};
			name = Debug;
		};
		64DEE2D41F17B846008EB9BE /* Release */ = {
			isa = XCBuildConfiguration;
			buildSettings = {
				ALWAYS_SEARCH_USER_PATHS = NO;
				CLANG_ALLOW_NON_MODULAR_INCLUDES_IN_FRAMEWORK_MODULES = YES;
				CLANG_ANALYZER_NONNULL = YES;
				CLANG_ANALYZER_NUMBER_OBJECT_CONVERSION = YES_AGGRESSIVE;
				CLANG_CXX_LANGUAGE_STANDARD = "gnu++0x";
				CLANG_CXX_LIBRARY = "libc++";
				CLANG_ENABLE_MODULES = YES;
				CLANG_ENABLE_OBJC_ARC = YES;
				CLANG_WARN_BOOL_CONVERSION = YES;
				CLANG_WARN_CONSTANT_CONVERSION = YES;
				CLANG_WARN_DIRECT_OBJC_ISA_USAGE = YES_ERROR;
				CLANG_WARN_DOCUMENTATION_COMMENTS = YES;
				CLANG_WARN_EMPTY_BODY = YES;
				CLANG_WARN_ENUM_CONVERSION = YES;
				CLANG_WARN_INFINITE_RECURSION = YES;
				CLANG_WARN_INT_CONVERSION = YES;
				CLANG_WARN_OBJC_ROOT_CLASS = YES_ERROR;
				CLANG_WARN_SUSPICIOUS_MOVE = YES;
				CLANG_WARN_UNREACHABLE_CODE = YES;
				CLANG_WARN__DUPLICATE_METHOD_MATCH = YES;
				"CODE_SIGN_IDENTITY[sdk=iphoneos*]" = "iPhone Developer";
				COPY_PHASE_STRIP = NO;
				DEBUG_INFORMATION_FORMAT = "dwarf-with-dsym";
				ENABLE_NS_ASSERTIONS = NO;
				ENABLE_STRICT_OBJC_MSGSEND = YES;
				GCC_C_LANGUAGE_STANDARD = gnu99;
				GCC_NO_COMMON_BLOCKS = YES;
				GCC_WARN_64_TO_32_BIT_CONVERSION = YES;
				GCC_WARN_ABOUT_RETURN_TYPE = YES_ERROR;
				GCC_WARN_UNDECLARED_SELECTOR = YES;
				GCC_WARN_UNINITIALIZED_AUTOS = YES_AGGRESSIVE;
				GCC_WARN_UNUSED_FUNCTION = YES;
				GCC_WARN_UNUSED_VARIABLE = YES;
				IPHONEOS_DEPLOYMENT_TARGET = 10.3;
				MTL_ENABLE_DEBUG_INFO = NO;
				SDKROOT = iphoneos;
				VALIDATE_PRODUCT = YES;
			};
			name = Release;
		};
		64DEE2D61F17B846008EB9BE /* Debug */ = {
			isa = XCBuildConfiguration;
			baseConfigurationReference = 011B7C39774A86CB5A4D6309 /* Pods-Ivocal-trainer.debug.xcconfig */;
			buildSettings = {
				ASSETCATALOG_COMPILER_APPICON_NAME = AppIcon;
				DEVELOPMENT_TEAM = 4CNF6CA6XD;
				INFOPLIST_FILE = "Ivocal-trainer/Info.plist";
				LD_RUNPATH_SEARCH_PATHS = "$(inherited) @executable_path/Frameworks";
				PRODUCT_BUNDLE_IDENTIFIER = "Gayanath-Damith-Amarasinghe.Ivocal-trainer";
				PRODUCT_NAME = "$(TARGET_NAME)";
			};
			name = Debug;
		};
		64DEE2D71F17B846008EB9BE /* Release */ = {
			isa = XCBuildConfiguration;
			baseConfigurationReference = A6DB8BF6ACD9DF06B0035683 /* Pods-Ivocal-trainer.release.xcconfig */;
			buildSettings = {
				ASSETCATALOG_COMPILER_APPICON_NAME = AppIcon;
				DEVELOPMENT_TEAM = 4CNF6CA6XD;
				INFOPLIST_FILE = "Ivocal-trainer/Info.plist";
				LD_RUNPATH_SEARCH_PATHS = "$(inherited) @executable_path/Frameworks";
				PRODUCT_BUNDLE_IDENTIFIER = "Gayanath-Damith-Amarasinghe.Ivocal-trainer";
				PRODUCT_NAME = "$(TARGET_NAME)";
			};
			name = Release;
		};
		64DEE2D91F17B846008EB9BE /* Debug */ = {
			isa = XCBuildConfiguration;
			baseConfigurationReference = F5CA33A433FAC1F3563FA628 /* Pods-Ivocal-trainerTests.debug.xcconfig */;
			buildSettings = {
				BUNDLE_LOADER = "$(TEST_HOST)";
				DEVELOPMENT_TEAM = 4CNF6CA6XD;
				INFOPLIST_FILE = "Ivocal-trainerTests/Info.plist";
				LD_RUNPATH_SEARCH_PATHS = "$(inherited) @executable_path/Frameworks @loader_path/Frameworks";
				PRODUCT_BUNDLE_IDENTIFIER = "Gayanath-Damith-Amarasinghe.Ivocal-trainerTests";
				PRODUCT_NAME = "$(TARGET_NAME)";
				TEST_HOST = "$(BUILT_PRODUCTS_DIR)/Ivocal-trainer.app/Ivocal-trainer";
			};
			name = Debug;
		};
		64DEE2DA1F17B846008EB9BE /* Release */ = {
			isa = XCBuildConfiguration;
			baseConfigurationReference = 76C5C5176D2F32B0679B5419 /* Pods-Ivocal-trainerTests.release.xcconfig */;
			buildSettings = {
				BUNDLE_LOADER = "$(TEST_HOST)";
				DEVELOPMENT_TEAM = 4CNF6CA6XD;
				INFOPLIST_FILE = "Ivocal-trainerTests/Info.plist";
				LD_RUNPATH_SEARCH_PATHS = "$(inherited) @executable_path/Frameworks @loader_path/Frameworks";
				PRODUCT_BUNDLE_IDENTIFIER = "Gayanath-Damith-Amarasinghe.Ivocal-trainerTests";
				PRODUCT_NAME = "$(TARGET_NAME)";
				TEST_HOST = "$(BUILT_PRODUCTS_DIR)/Ivocal-trainer.app/Ivocal-trainer";
			};
			name = Release;
		};
		64DEE2DC1F17B846008EB9BE /* Debug */ = {
			isa = XCBuildConfiguration;
			baseConfigurationReference = 79F9C9E85A93892EE845FAD9 /* Pods-Ivocal-trainerUITests.debug.xcconfig */;
			buildSettings = {
				DEVELOPMENT_TEAM = 4CNF6CA6XD;
				INFOPLIST_FILE = "Ivocal-trainerUITests/Info.plist";
				LD_RUNPATH_SEARCH_PATHS = "$(inherited) @executable_path/Frameworks @loader_path/Frameworks";
				PRODUCT_BUNDLE_IDENTIFIER = "Gayanath-Damith-Amarasinghe.Ivocal-trainerUITests";
				PRODUCT_NAME = "$(TARGET_NAME)";
				TEST_TARGET_NAME = "Ivocal-trainer";
			};
			name = Debug;
		};
		64DEE2DD1F17B846008EB9BE /* Release */ = {
			isa = XCBuildConfiguration;
			baseConfigurationReference = E04D0CF6FC90B79DEA1CDEAA /* Pods-Ivocal-trainerUITests.release.xcconfig */;
			buildSettings = {
				DEVELOPMENT_TEAM = 4CNF6CA6XD;
				INFOPLIST_FILE = "Ivocal-trainerUITests/Info.plist";
				LD_RUNPATH_SEARCH_PATHS = "$(inherited) @executable_path/Frameworks @loader_path/Frameworks";
				PRODUCT_BUNDLE_IDENTIFIER = "Gayanath-Damith-Amarasinghe.Ivocal-trainerUITests";
				PRODUCT_NAME = "$(TARGET_NAME)";
				TEST_TARGET_NAME = "Ivocal-trainer";
			};
			name = Release;
		};
/* End XCBuildConfiguration section */

/* Begin XCConfigurationList section */
		64DEE2A31F17B846008EB9BE /* Build configuration list for PBXProject "Ivocal-trainer" */ = {
			isa = XCConfigurationList;
			buildConfigurations = (
				64DEE2D31F17B846008EB9BE /* Debug */,
				64DEE2D41F17B846008EB9BE /* Release */,
			);
			defaultConfigurationIsVisible = 0;
			defaultConfigurationName = Release;
		};
		64DEE2D51F17B846008EB9BE /* Build configuration list for PBXNativeTarget "Ivocal-trainer" */ = {
			isa = XCConfigurationList;
			buildConfigurations = (
				64DEE2D61F17B846008EB9BE /* Debug */,
				64DEE2D71F17B846008EB9BE /* Release */,
			);
			defaultConfigurationIsVisible = 0;
			defaultConfigurationName = Release;
		};
		64DEE2D81F17B846008EB9BE /* Build configuration list for PBXNativeTarget "Ivocal-trainerTests" */ = {
			isa = XCConfigurationList;
			buildConfigurations = (
				64DEE2D91F17B846008EB9BE /* Debug */,
				64DEE2DA1F17B846008EB9BE /* Release */,
			);
			defaultConfigurationIsVisible = 0;
			defaultConfigurationName = Release;
		};
		64DEE2DB1F17B846008EB9BE /* Build configuration list for PBXNativeTarget "Ivocal-trainerUITests" */ = {
			isa = XCConfigurationList;
			buildConfigurations = (
				64DEE2DC1F17B846008EB9BE /* Debug */,
				64DEE2DD1F17B846008EB9BE /* Release */,
			);
			defaultConfigurationIsVisible = 0;
			defaultConfigurationName = Release;
		};
/* End XCConfigurationList section */
	};
	rootObject = 64DEE2A01F17B846008EB9BE /* Project object */;
}
